Microsoft Visual Studio Solution File, Format Version 12.00
# Visual Studio Version 17
VisualStudioVersion = 17.5.2.0
MinimumVisualStudioVersion = 10.0.40219.1
Project("{FAE04EC0-301F-11D3-BF4B-00C04F79EFBC}") = "FaturamentoTarget", "FaturamentoTarget.csproj", "{8FA385A5-1BFB-9818-9EF5-E3CC9C53E03A}"
EndProject
Global
	GlobalSection(SolutionConfigurationPlatforms) = preSolution
		Debug|Any CPU = Debug|Any CPU
		Release|Any CPU = Release|Any CPU
	EndGlobalSection
	GlobalSection(ProjectConfigurationPlatforms) = postSolution
		{8FA385A5-1BFB-9818-9EF5-E3CC9C53E03A}.Debug|Any CPU.ActiveCfg = Debug|Any CPU
		{8FA385A5-1BFB-9818-9EF5-E3CC9C53E03A}.Debug|Any CPU.Build.0 = Debug|Any CPU
		{8FA385A5-1BFB-9818-9EF5-E3CC9C53E03A}.Release|Any CPU.ActiveCfg = Release|Any CPU
		{8FA385A5-1BFB-9818-9EF5-E3CC9C53E03A}.Release|Any CPU.Build.0 = Release|Any CPU
	EndGlobalSection
	GlobalSection(SolutionProperties) = preSolution
		HideSolutionNode = FALSE
	EndGlobalSection
	GlobalSection(ExtensibilityGlobals) = postSolution
		SolutionGuid = {2949903D-108F-4B19-B27E-6D4D47C0DE18}
	EndGlobalSection
EndGlobal
